
Microsoft Visual Studio Solution File, Format Version 12.00
# Visual Studio Version 17
VisualStudioVersion = 17.4.33213.308
MinimumVisualStudioVersion = 10.0.40219.1
Project("{FAE04EC0-301F-11D3-BF4B-00C04F79EFBC}") = "BankCRM.CRM", "BankCRM.CRM\BankCRM.CRM.csproj", "{D32DF6E7-E6B7-4253-AD7B-C5CAAC873854}"
EndProject
Global
	GlobalSection(SolutionConfigurationPlatforms) = preSolution
		Debug|Any CPU = Debug|Any CPU
		Release|Any CPU = Release|Any CPU
	EndGlobalSection
	GlobalSection(ProjectConfigurationPlatforms) = postSolution
		{D32DF6E7-E6B7-4253-AD7B-C5CAAC873854}.Debug|Any CPU.ActiveCfg = Debug|Any CPU
		{D32DF6E7-E6B7-4253-AD7B-C5CAAC873854}.Debug|Any CPU.Build.0 = Debug|Any CPU
		{D32DF6E7-E6B7-4253-AD7B-C5CAAC873854}.Release|Any CPU.ActiveCfg = Release|Any CPU
		{D32DF6E7-E6B7-4253-AD7B-C5CAAC873854}.Release|Any CPU.Build.0 = Release|Any CPU
	EndGlobalSection
	GlobalSection(SolutionProperties) = preSolution
		HideSolutionNode = FALSE
	EndGlobalSection
	GlobalSection(ExtensibilityGlobals) = postSolution
		SolutionGuid = {117E6913-EBF8-468A-8AD3-19662F989231}
	EndGlobalSection
EndGlobal
